
Microsoft Visual Studio Solution File, Format Version 12.00
# Visual Studio Version 16
VisualStudioVersion = 16.0.30413.136
MinimumVisualStudioVersion = 10.0.40219.1
Project("{FAE04EC0-301F-11D3-BF4B-00C04F79EFBC}") = "ejercicios_en_clases_estruc", "ejercicios_en_clases_estruc\ejercicios_en_clases_estruc.csproj", "{1B9FC7FF-E1C2-4FF8-8FEB-6FEDC22DAEF7}"
EndProject
Global
	GlobalSection(SolutionConfigurationPlatforms) = preSolution
		Debug|Any CPU = Debug|Any CPU
		Release|Any CPU = Release|Any CPU
	EndGlobalSection
	GlobalSection(ProjectConfigurationPlatforms) = postSolution
		{1B9FC7FF-E1C2-4FF8-8FEB-6FEDC22DAEF7}.Debug|Any CPU.ActiveCfg = Debug|Any CPU
		{1B9FC7FF-E1C2-4FF8-8FEB-6FEDC22DAEF7}.Debug|Any CPU.Build.0 = Debug|Any CPU
		{1B9FC7FF-E1C2-4FF8-8FEB-6FEDC22DAEF7}.Release|Any CPU.ActiveCfg = Release|Any CPU
		{1B9FC7FF-E1C2-4FF8-8FEB-6FEDC22DAEF7}.Release|Any CPU.Build.0 = Release|Any CPU
	EndGlobalSection
	GlobalSection(SolutionProperties) = preSolution
		HideSolutionNode = FALSE
	EndGlobalSection
	GlobalSection(ExtensibilityGlobals) = postSolution
		SolutionGuid = {BFA11230-7417-4879-848A-CF06A7DDD509}
	EndGlobalSection
EndGlobal
